
Microsoft Visual Studio Solution File, Format Version 12.00
# Visual Studio Version 17
VisualStudioVersion = 17.14.36429.23 d17.14
MinimumVisualStudioVersion = 10.0.40219.1
Project("{FAE04EC0-301F-11D3-BF4B-00C04F79EFBC}") = "StaffManager", "StaffManager\StaffManager.csproj", "{B8FD53EC-DC3A-4B59-8CB1-733BB919AF65}"
EndProject
Project("{FAE04EC0-301F-11D3-BF4B-00C04F79EFBC}") = "ErrorLogging", "ErrorLogging\ErrorLogging.csproj", "{FF43377C-EBD7-472B-B79E-BE8010809B50}"
EndProject
Project("{FAE04EC0-301F-11D3-BF4B-00C04F79EFBC}") = "NormalDictionaryApp", "NormalDictionaryApp\NormalDictionaryApp.csproj", "{DBBC5E14-52A1-4B3E-86B3-6A9DAE959FF1}"
EndProject
Project("{FAE04EC0-301F-11D3-BF4B-00C04F79EFBC}") = "SortedDictionaryApp", "SortedDictionaryApp\SortedDictionaryApp.csproj", "{B30EB219-A015-4385-998B-0EAA94B94C80}"
EndProject
Global
	GlobalSection(SolutionConfigurationPlatforms) = preSolution
		Debug|Any CPU = Debug|Any CPU
		Release|Any CPU = Release|Any CPU
	EndGlobalSection
	GlobalSection(ProjectConfigurationPlatforms) = postSolution
		{B8FD53EC-DC3A-4B59-8CB1-733BB919AF65}.Debug|Any CPU.ActiveCfg = Debug|Any CPU
		{B8FD53EC-DC3A-4B59-8CB1-733BB919AF65}.Debug|Any CPU.Build.0 = Debug|Any CPU
		{B8FD53EC-DC3A-4B59-8CB1-733BB919AF65}.Release|Any CPU.ActiveCfg = Release|Any CPU
		{B8FD53EC-DC3A-4B59-8CB1-733BB919AF65}.Release|Any CPU.Build.0 = Release|Any CPU
		{FF43377C-EBD7-472B-B79E-BE8010809B50}.Debug|Any CPU.ActiveCfg = Debug|Any CPU
		{FF43377C-EBD7-472B-B79E-BE8010809B50}.Debug|Any CPU.Build.0 = Debug|Any CPU
		{FF43377C-EBD7-472B-B79E-BE8010809B50}.Release|Any CPU.ActiveCfg = Release|Any CPU
		{FF43377C-EBD7-472B-B79E-BE8010809B50}.Release|Any CPU.Build.0 = Release|Any CPU
		{DBBC5E14-52A1-4B3E-86B3-6A9DAE959FF1}.Debug|Any CPU.ActiveCfg = Debug|Any CPU
		{DBBC5E14-52A1-4B3E-86B3-6A9DAE959FF1}.Debug|Any CPU.Build.0 = Debug|Any CPU
		{DBBC5E14-52A1-4B3E-86B3-6A9DAE959FF1}.Release|Any CPU.ActiveCfg = Release|Any CPU
		{DBBC5E14-52A1-4B3E-86B3-6A9DAE959FF1}.Release|Any CPU.Build.0 = Release|Any CPU
		{B30EB219-A015-4385-998B-0EAA94B94C80}.Debug|Any CPU.ActiveCfg = Debug|Any CPU
		{B30EB219-A015-4385-998B-0EAA94B94C80}.Debug|Any CPU.Build.0 = Debug|Any CPU
		{B30EB219-A015-4385-998B-0EAA94B94C80}.Release|Any CPU.ActiveCfg = Release|Any CPU
		{B30EB219-A015-4385-998B-0EAA94B94C80}.Release|Any CPU.Build.0 = Release|Any CPU
	EndGlobalSection
	GlobalSection(SolutionProperties) = preSolution
		HideSolutionNode = FALSE
	EndGlobalSection
	GlobalSection(ExtensibilityGlobals) = postSolution
		SolutionGuid = {FF2A570C-4C42-47DA-A5C4-65FBCBD6961E}
	EndGlobalSection
EndGlobal
